
Microsoft Visual Studio Solution File, Format Version 12.00
# Visual Studio 14
VisualStudioVersion = 14.0.24720.0
MinimumVisualStudioVersion = 10.0.40219.1
Project("{2150E333-8FDC-42A3-9474-1A3956D46DE8}") = "Engine", "Engine", "{1CC4852A-9B3D-47BA-A1AD-703710B452E8}"
EndProject
Project("{2150E333-8FDC-42A3-9474-1A3956D46DE8}") = "Games", "Games", "{1CC2B821-47EA-484E-AA8B-FF73C254013C}"
EndProject
Project("{8BC9CEB8-8B4A-11D0-8D11-00A0C91BC942}") = "UE4", "Intermediate\ProjectFiles\UE4.vcxproj", "{CC533645-80DE-4F51-BD9A-F30434E1DF5A}"
EndProject
Project("{8BC9CEB8-8B4A-11D0-8D11-00A0C91BC942}") = "MusicSuite", "Intermediate\ProjectFiles\MusicSuite.vcxproj", "{93497F55-EF4E-468A-AA8D-54E4F81E3603}"
EndProject
Global
	GlobalSection(SolutionConfigurationPlatforms) = preSolution
		Debug Client|HTML5 = Debug Client|HTML5
		Debug Client|Mac = Debug Client|Mac
		Debug Client|Win32 = Debug Client|Win32
		Debug Client|Win64 = Debug Client|Win64
		Debug Client|WinRT = Debug Client|WinRT
		Debug Client|WinRT_ARM = Debug Client|WinRT_ARM
		Debug Editor|HTML5 = Debug Editor|HTML5
		Debug Editor|Mac = Debug Editor|Mac
		Debug Editor|Win32 = Debug Editor|Win32
		Debug Editor|Win64 = Debug Editor|Win64
		Debug Editor|WinRT = Debug Editor|WinRT
		Debug Editor|WinRT_ARM = Debug Editor|WinRT_ARM
		Debug Server|HTML5 = Debug Server|HTML5
		Debug Server|Mac = Debug Server|Mac
		Debug Server|Win32 = Debug Server|Win32
		Debug Server|Win64 = Debug Server|Win64
		Debug Server|WinRT = Debug Server|WinRT
		Debug Server|WinRT_ARM = Debug Server|WinRT_ARM
		Debug|HTML5 = Debug|HTML5
		Debug|Mac = Debug|Mac
		Debug|Win32 = Debug|Win32
		Debug|Win64 = Debug|Win64
		Debug|WinRT = Debug|WinRT
		Debug|WinRT_ARM = Debug|WinRT_ARM
		DebugGame Client|HTML5 = DebugGame Client|HTML5
		DebugGame Client|Mac = DebugGame Client|Mac
		DebugGame Client|Win32 = DebugGame Client|Win32
		DebugGame Client|Win64 = DebugGame Client|Win64
		DebugGame Client|WinRT = DebugGame Client|WinRT
		DebugGame Client|WinRT_ARM = DebugGame Client|WinRT_ARM
		DebugGame Editor|HTML5 = DebugGame Editor|HTML5
		DebugGame Editor|Mac = DebugGame Editor|Mac
		DebugGame Editor|Win32 = DebugGame Editor|Win32
		DebugGame Editor|Win64 = DebugGame Editor|Win64
		DebugGame Editor|WinRT = DebugGame Editor|WinRT
		DebugGame Editor|WinRT_ARM = DebugGame Editor|WinRT_ARM
		DebugGame Server|HTML5 = DebugGame Server|HTML5
		DebugGame Server|Mac = DebugGame Server|Mac
		DebugGame Server|Win32 = DebugGame Server|Win32
		DebugGame Server|Win64 = DebugGame Server|Win64
		DebugGame Server|WinRT = DebugGame Server|WinRT
		DebugGame Server|WinRT_ARM = DebugGame Server|WinRT_ARM
		DebugGame|HTML5 = DebugGame|HTML5
		DebugGame|Mac = DebugGame|Mac
		DebugGame|Win32 = DebugGame|Win32
		DebugGame|Win64 = DebugGame|Win64
		DebugGame|WinRT = DebugGame|WinRT
		DebugGame|WinRT_ARM = DebugGame|WinRT_ARM
		Development Client|HTML5 = Development Client|HTML5
		Development Client|Mac = Development Client|Mac
		Development Client|Win32 = Development Client|Win32
		Development Client|Win64 = Development Client|Win64
		Development Client|WinRT = Development Client|WinRT
		Development Client|WinRT_ARM = Development Client|WinRT_ARM
		Development Editor|HTML5 = Development Editor|HTML5
		Development Editor|Mac = Development Editor|Mac
		Development Editor|Win32 = Development Editor|Win32
		Development Editor|Win64 = Development Editor|Win64
		Development Editor|WinRT = Development Editor|WinRT
		Development Editor|WinRT_ARM = Development Editor|WinRT_ARM
		Development Server|HTML5 = Development Server|HTML5
		Development Server|Mac = Development Server|Mac
		Development Server|Win32 = Development Server|Win32
		Development Server|Win64 = Development Server|Win64
		Development Server|WinRT = Development Server|WinRT
		Development Server|WinRT_ARM = Development Server|WinRT_ARM
		Development|HTML5 = Development|HTML5
		Development|Mac = Development|Mac
		Development|Win32 = Development|Win32
		Development|Win64 = Development|Win64
		Development|WinRT = Development|WinRT
		Development|WinRT_ARM = Development|WinRT_ARM
		Shipping Client|HTML5 = Shipping Client|HTML5
		Shipping Client|Mac = Shipping Client|Mac
		Shipping Client|Win32 = Shipping Client|Win32
		Shipping Client|Win64 = Shipping Client|Win64
		Shipping Client|WinRT = Shipping Client|WinRT
		Shipping Client|WinRT_ARM = Shipping Client|WinRT_ARM
		Shipping Server|HTML5 = Shipping Server|HTML5
		Shipping Server|Mac = Shipping Server|Mac
		Shipping Server|Win32 = Shipping Server|Win32
		Shipping Server|Win64 = Shipping Server|Win64
		Shipping Server|WinRT = Shipping Server|WinRT
		Shipping Server|WinRT_ARM = Shipping Server|WinRT_ARM
		Shipping|HTML5 = Shipping|HTML5
		Shipping|Mac = Shipping|Mac
		Shipping|Win32 = Shipping|Win32
		Shipping|Win64 = Shipping|Win64
		Shipping|WinRT = Shipping|WinRT
		Shipping|WinRT_ARM = Shipping|WinRT_ARM
		Test Client|HTML5 = Test Client|HTML5
		Test Client|Mac = Test Client|Mac
		Test Client|Win32 = Test Client|Win32
		Test Client|Win64 = Test Client|Win64
		Test Client|WinRT = Test Client|WinRT
		Test Client|WinRT_ARM = Test Client|WinRT_ARM
		Test Server|HTML5 = Test Server|HTML5
		Test Server|Mac = Test Server|Mac
		Test Server|Win32 = Test Server|Win32
		Test Server|Win64 = Test Server|Win64
		Test Server|WinRT = Test Server|WinRT
		Test Server|WinRT_ARM = Test Server|WinRT_ARM
		Test|HTML5 = Test|HTML5
		Test|Mac = Test|Mac
		Test|Win32 = Test|Win32
		Test|Win64 = Test|Win64
		Test|WinRT = Test|WinRT
		Test|WinRT_ARM = Test|WinRT_ARM
	EndGlobalSection
	GlobalSection(ProjectConfigurationPlatforms) = postSolution
		{CC533645-80DE-4F51-BD9A-F30434E1DF5A}.Debug Client|HTML5.ActiveCfg = HTML5_Debug_Client|Win32
		{CC533645-80DE-4F51-BD9A-F30434E1DF5A}.Debug Client|HTML5.Build.0 = HTML5_Debug_Client|Win32
		{CC533645-80DE-4F51-BD9A-F30434E1DF5A}.Debug Client|Mac.ActiveCfg = Mac_Debug_Client|Win32
		{CC533645-80DE-4F51-BD9A-F30434E1DF5A}.Debug Client|Mac.Build.0 = Mac_Debug_Client|Win32
		{CC533645-80DE-4F51-BD9A-F30434E1DF5A}.Debug Client|Win32.ActiveCfg = Debug_Client|Win32
		{CC533645-80DE-4F51-BD9A-F30434E1DF5A}.Debug Client|Win32.Build.0 = Debug_Client|Win32
		{CC533645-80DE-4F51-BD9A-F30434E1DF5A}.Debug Client|Win64.ActiveCfg = Debug_Client|x64
		{CC533645-80DE-4F51-BD9A-F30434E1DF5A}.Debug Client|Win64.Build.0 = Debug_Client|x64
		{CC533645-80DE-4F51-BD9A-F30434E1DF5A}.Debug Client|WinRT.ActiveCfg = WinRT_Debug_Client|Win32
		{CC533645-80DE-4F51-BD9A-F30434E1DF5A}.Debug Client|WinRT.Build.0 = WinRT_Debug_Client|Win32
		{CC533645-80DE-4F51-BD9A-F30434E1DF5A}.Debug Client|WinRT.Deploy.0 = WinRT_Debug_Client|Win32
		{CC533645-80DE-4F51-BD9A-F30434E1DF5A}.Debug Client|WinRT_ARM.ActiveCfg = WinRT_ARM_Debug_Client|Win32
		{CC533645-80DE-4F51-BD9A-F30434E1DF5A}.Debug Client|WinRT_ARM.Build.0 = WinRT_ARM_Debug_Client|Win32
		{CC533645-80DE-4F51-BD9A-F30434E1DF5A}.Debug Client|WinRT_ARM.Deploy.0 = WinRT_ARM_Debug_Client|Win32
		{CC533645-80DE-4F51-BD9A-F30434E1DF5A}.Debug Editor|HTML5.ActiveCfg = HTML5_Debug_Editor|Win32
		{CC533645-80DE-4F51-BD9A-F30434E1DF5A}.Debug Editor|Mac.ActiveCfg = Mac_Debug_Editor|Win32
		{CC533645-80DE-4F51-BD9A-F30434E1DF5A}.Debug Editor|Mac.Build.0 = Mac_Debug_Editor|Win32
		{CC533645-80DE-4F51-BD9A-F30434E1DF5A}.Debug Editor|Win32.ActiveCfg = Debug_Editor|Win32
		{CC533645-80DE-4F51-BD9A-F30434E1DF5A}.Debug Editor|Win64.ActiveCfg = Debug_Editor|x64
		{CC533645-80DE-4F51-BD9A-F30434E1DF5A}.Debug Editor|Win64.Build.0 = Debug_Editor|x64
		{CC533645-80DE-4F51-BD9A-F30434E1DF5A}.Debug Editor|WinRT.ActiveCfg = WinRT_Debug_Editor|Win32
		{CC533645-80DE-4F51-BD9A-F30434E1DF5A}.Debug Editor|WinRT_ARM.ActiveCfg = WinRT_ARM_Debug_Editor|Win32
		{CC533645-80DE-4F51-BD9A-F30434E1DF5A}.Debug Server|HTML5.ActiveCfg = HTML5_Debug_Server|Win32
		{CC533645-80DE-4F51-BD9A-F30434E1DF5A}.Debug Server|Mac.ActiveCfg = Mac_Debug_Server|Win32
		{CC533645-80DE-4F51-BD9A-F30434E1DF5A}.Debug Server|Mac.Build.0 = Mac_Debug_Server|Win32
		{CC533645-80DE-4F51-BD9A-F30434E1DF5A}.Debug Server|Win32.ActiveCfg = Debug_Server|Win32
		{CC533645-80DE-4F51-BD9A-F30434E1DF5A}.Debug Server|Win32.Build.0 = Debug_Server|Win32
		{CC533645-80DE-4F51-BD9A-F30434E1DF5A}.Debug Server|Win64.ActiveCfg = Debug_Server|x64
		{CC533645-80DE-4F51-BD9A-F30434E1DF5A}.Debug Server|Win64.Build.0 = Debug_Server|x64
		{CC533645-80DE-4F51-BD9A-F30434E1DF5A}.Debug Server|WinRT.ActiveCfg = WinRT_Debug_Server|Win32
		{CC533645-80DE-4F51-BD9A-F30434E1DF5A}.Debug Server|WinRT.Build.0 = WinRT_Debug_Server|Win32
		{CC533645-80DE-4F51-BD9A-F30434E1DF5A}.Debug Server|WinRT.Deploy.0 = WinRT_Debug_Server|Win32
		{CC533645-80DE-4F51-BD9A-F30434E1DF5A}.Debug Server|WinRT_ARM.ActiveCfg = WinRT_ARM_Debug_Server|Win32
		{CC533645-80DE-4F51-BD9A-F30434E1DF5A}.Debug|HTML5.ActiveCfg = HTML5_Debug_Game|Win32
		{CC533645-80DE-4F51-BD9A-F30434E1DF5A}.Debug|HTML5.Build.0 = HTML5_Debug_Game|Win32
		{CC533645-80DE-4F51-BD9A-F30434E1DF5A}.Debug|Mac.ActiveCfg = Mac_Debug_Game|Win32
		{CC533645-80DE-4F51-BD9A-F30434E1DF5A}.Debug|Mac.Build.0 = Mac_Debug_Game|Win32
		{CC533645-80DE-4F51-BD9A-F30434E1DF5A}.Debug|Win32.ActiveCfg = Debug_Game|Win32
		{CC533645-80DE-4F51-BD9A-F30434E1DF5A}.Debug|Win32.Build.0 = Debug_Game|Win32
		{CC533645-80DE-4F51-BD9A-F30434E1DF5A}.Debug|Win64.ActiveCfg = Debug_Game|x64
		{CC533645-80DE-4F51-BD9A-F30434E1DF5A}.Debug|Win64.Build.0 = Debug_Game|x64
		{CC533645-80DE-4F51-BD9A-F30434E1DF5A}.Debug|WinRT.ActiveCfg = WinRT_Debug_Game|Win32
		{CC533645-80DE-4F51-BD9A-F30434E1DF5A}.Debug|WinRT.Build.0 = WinRT_Debug_Game|Win32
		{CC533645-80DE-4F51-BD9A-F30434E1DF5A}.Debug|WinRT.Deploy.0 = WinRT_Debug_Game|Win32
		{CC533645-80DE-4F51-BD9A-F30434E1DF5A}.Debug|WinRT_ARM.ActiveCfg = WinRT_ARM_Debug_Game|Win32
		{CC533645-80DE-4F51-BD9A-F30434E1DF5A}.Debug|WinRT_ARM.Build.0 = WinRT_ARM_Debug_Game|Win32
		{CC533645-80DE-4F51-BD9A-F30434E1DF5A}.Debug|WinRT_ARM.Deploy.0 = WinRT_ARM_Debug_Game|Win32
		{CC533645-80DE-4F51-BD9A-F30434E1DF5A}.DebugGame Client|HTML5.ActiveCfg = HTML5_DebugGame_Client|Win32
		{CC533645-80DE-4F51-BD9A-F30434E1DF5A}.DebugGame Client|HTML5.Build.0 = HTML5_DebugGame_Client|Win32
		{CC533645-80DE-4F51-BD9A-F30434E1DF5A}.DebugGame Client|Mac.ActiveCfg = Mac_DebugGame_Client|Win32
		{CC533645-80DE-4F51-BD9A-F30434E1DF5A}.DebugGame Client|Mac.Build.0 = Mac_DebugGame_Client|Win32
		{CC533645-80DE-4F51-BD9A-F30434E1DF5A}.DebugGame Client|Win32.ActiveCfg = DebugGame_Client|Win32
		{CC533645-80DE-4F51-BD9A-F30434E1DF5A}.DebugGame Client|Win32.Build.0 = DebugGame_Client|Win32
		{CC533645-80DE-4F51-BD9A-F30434E1DF5A}.DebugGame Client|Win64.ActiveCfg = DebugGame_Client|x64
		{CC533645-80DE-4F51-BD9A-F30434E1DF5A}.DebugGame Client|Win64.Build.0 = DebugGame_Client|x64
		{CC533645-80DE-4F51-BD9A-F30434E1DF5A}.DebugGame Client|WinRT.ActiveCfg = WinRT_DebugGame_Client|Win32
		{CC533645-80DE-4F51-BD9A-F30434E1DF5A}.DebugGame Client|WinRT.Build.0 = WinRT_DebugGame_Client|Win32
		{CC533645-80DE-4F51-BD9A-F30434E1DF5A}.DebugGame Client|WinRT.Deploy.0 = WinRT_DebugGame_Client|Win32
		{CC533645-80DE-4F51-BD9A-F30434E1DF5A}.DebugGame Client|WinRT_ARM.ActiveCfg = WinRT_ARM_DebugGame_Client|Win32
		{CC533645-80DE-4F51-BD9A-F30434E1DF5A}.DebugGame Client|WinRT_ARM.Build.0 = WinRT_ARM_DebugGame_Client|Win32
		{CC533645-80DE-4F51-BD9A-F30434E1DF5A}.DebugGame Client|WinRT_ARM.Deploy.0 = WinRT_ARM_DebugGame_Client|Win32
		{CC533645-80DE-4F51-BD9A-F30434E1DF5A}.DebugGame Editor|HTML5.ActiveCfg = HTML5_DebugGame_Editor|Win32
		{CC533645-80DE-4F51-BD9A-F30434E1DF5A}.DebugGame Editor|Mac.ActiveCfg = Mac_DebugGame_Editor|Win32
		{CC533645-80DE-4F51-BD9A-F30434E1DF5A}.DebugGame Editor|Mac.Build.0 = Mac_DebugGame_Editor|Win32
		{CC533645-80DE-4F51-BD9A-F30434E1DF5A}.DebugGame Editor|Win32.ActiveCfg = DebugGame_Editor|Win32
		{CC533645-80DE-4F51-BD9A-F30434E1DF5A}.DebugGame Editor|Win64.ActiveCfg = DebugGame_Editor|x64
		{CC533645-80DE-4F51-BD9A-F30434E1DF5A}.DebugGame Editor|Win64.Build.0 = DebugGame_Editor|x64
		{CC533645-80DE-4F51-BD9A-F30434E1DF5A}.DebugGame Editor|WinRT.ActiveCfg = WinRT_DebugGame_Editor|Win32
		{CC533645-80DE-4F51-BD9A-F30434E1DF5A}.DebugGame Editor|WinRT_ARM.ActiveCfg = WinRT_ARM_DebugGame_Editor|Win32
		{CC533645-80DE-4F51-BD9A-F30434E1DF5A}.DebugGame Server|HTML5.ActiveCfg = HTML5_DebugGame_Server|Win32
		{CC533645-80DE-4F51-BD9A-F30434E1DF5A}.DebugGame Server|Mac.ActiveCfg = Mac_DebugGame_Server|Win32
		{CC533645-80DE-4F51-BD9A-F30434E1DF5A}.DebugGame Server|Mac.Build.0 = Mac_DebugGame_Server|Win32
		{CC533645-80DE-4F51-BD9A-F30434E1DF5A}.DebugGame Server|Win32.ActiveCfg = DebugGame_Server|Win32
		{CC533645-80DE-4F51-BD9A-F30434E1DF5A}.DebugGame Server|Win32.Build.0 = DebugGame_Server|Win32
		{CC533645-80DE-4F51-BD9A-F30434E1DF5A}.DebugGame Server|Win64.ActiveCfg = DebugGame_Server|x64
		{CC533645-80DE-4F51-BD9A-F30434E1DF5A}.DebugGame Server|Win64.Build.0 = DebugGame_Server|x64
		{CC533645-80DE-4F51-BD9A-F30434E1DF5A}.DebugGame Server|WinRT.ActiveCfg = WinRT_DebugGame_Server|Win32
		{CC533645-80DE-4F51-BD9A-F30434E1DF5A}.DebugGame Server|WinRT.Build.0 = WinRT_DebugGame_Server|Win32
		{CC533645-80DE-4F51-BD9A-F30434E1DF5A}.DebugGame Server|WinRT.Deploy.0 = WinRT_DebugGame_Server|Win32
		{CC533645-80DE-4F51-BD9A-F30434E1DF5A}.DebugGame Server|WinRT_ARM.ActiveCfg = WinRT_ARM_DebugGame_Server|Win32
		{CC533645-80DE-4F51-BD9A-F30434E1DF5A}.DebugGame|HTML5.ActiveCfg = HTML5_DebugGame_Game|Win32
		{CC533645-80DE-4F51-BD9A-F30434E1DF5A}.DebugGame|HTML5.Build.0 = HTML5_DebugGame_Game|Win32
		{CC533645-80DE-4F51-BD9A-F30434E1DF5A}.DebugGame|Mac.ActiveCfg = Mac_DebugGame_Game|Win32
		{CC533645-80DE-4F51-BD9A-F30434E1DF5A}.DebugGame|Mac.Build.0 = Mac_DebugGame_Game|Win32
		{CC533645-80DE-4F51-BD9A-F30434E1DF5A}.DebugGame|Win32.ActiveCfg = DebugGame_Game|Win32
		{CC533645-80DE-4F51-BD9A-F30434E1DF5A}.DebugGame|Win32.Build.0 = DebugGame_Game|Win32
		{CC533645-80DE-4F51-BD9A-F30434E1DF5A}.DebugGame|Win64.ActiveCfg = DebugGame_Game|x64
		{CC533645-80DE-4F51-BD9A-F30434E1DF5A}.DebugGame|Win64.Build.0 = DebugGame_Game|x64
		{CC533645-80DE-4F51-BD9A-F30434E1DF5A}.DebugGame|WinRT.ActiveCfg = WinRT_DebugGame_Game|Win32
		{CC533645-80DE-4F51-BD9A-F30434E1DF5A}.DebugGame|WinRT.Build.0 = WinRT_DebugGame_Game|Win32
		{CC533645-80DE-4F51-BD9A-F30434E1DF5A}.DebugGame|WinRT.Deploy.0 = WinRT_DebugGame_Game|Win32
		{CC533645-80DE-4F51-BD9A-F30434E1DF5A}.DebugGame|WinRT_ARM.ActiveCfg = WinRT_ARM_DebugGame_Game|Win32
		{CC533645-80DE-4F51-BD9A-F30434E1DF5A}.DebugGame|WinRT_ARM.Build.0 = WinRT_ARM_DebugGame_Game|Win32
		{CC533645-80DE-4F51-BD9A-F30434E1DF5A}.DebugGame|WinRT_ARM.Deploy.0 = WinRT_ARM_DebugGame_Game|Win32
		{CC533645-80DE-4F51-BD9A-F30434E1DF5A}.Development Client|HTML5.ActiveCfg = HTML5_Development_Client|Win32
		{CC533645-80DE-4F51-BD9A-F30434E1DF5A}.Development Client|HTML5.Build.0 = HTML5_Development_Client|Win32
		{CC533645-80DE-4F51-BD9A-F30434E1DF5A}.Development Client|Mac.ActiveCfg = Mac_Development_Client|Win32
		{CC533645-80DE-4F51-BD9A-F30434E1DF5A}.Development Client|Mac.Build.0 = Mac_Development_Client|Win32
		{CC533645-80DE-4F51-BD9A-F30434E1DF5A}.Development Client|Win32.ActiveCfg = Development_Client|Win32
		{CC533645-80DE-4F51-BD9A-F30434E1DF5A}.Development Client|Win32.Build.0 = Development_Client|Win32
		{CC533645-80DE-4F51-BD9A-F30434E1DF5A}.Development Client|Win64.ActiveCfg = Development_Client|x64
		{CC533645-80DE-4F51-BD9A-F30434E1DF5A}.Development Client|Win64.Build.0 = Development_Client|x64
		{CC533645-80DE-4F51-BD9A-F30434E1DF5A}.Development Client|WinRT.ActiveCfg = WinRT_Development_Client|Win32
		{CC533645-80DE-4F51-BD9A-F30434E1DF5A}.Development Client|WinRT.Build.0 = WinRT_Development_Client|Win32
		{CC533645-80DE-4F51-BD9A-F30434E1DF5A}.Development Client|WinRT.Deploy.0 = WinRT_Development_Client|Win32
		{CC533645-80DE-4F51-BD9A-F30434E1DF5A}.Development Client|WinRT_ARM.ActiveCfg = WinRT_ARM_Development_Client|Win32
		{CC533645-80DE-4F51-BD9A-F30434E1DF5A}.Development Client|WinRT_ARM.Build.0 = WinRT_ARM_Development_Client|Win32
		{CC533645-80DE-4F51-BD9A-F30434E1DF5A}.Development Client|WinRT_ARM.Deploy.0 = WinRT_ARM_Development_Client|Win32
		{CC533645-80DE-4F51-BD9A-F30434E1DF5A}.Development Editor|HTML5.ActiveCfg = HTML5_Development_Editor|Win32
		{CC533645-80DE-4F51-BD9A-F30434E1DF5A}.Development Editor|Mac.ActiveCfg = Mac_Development_Editor|Win32
		{CC533645-80DE-4F51-BD9A-F30434E1DF5A}.Development Editor|Mac.Build.0 = Mac_Development_Editor|Win32
		{CC533645-80DE-4F51-BD9A-F30434E1DF5A}.Development Editor|Win32.ActiveCfg = Development_Editor|Win32
		{CC533645-80DE-4F51-BD9A-F30434E1DF5A}.Development Editor|Win64.ActiveCfg = Development_Editor|x64
		{CC533645-80DE-4F51-BD9A-F30434E1DF5A}.Development Editor|Win64.Build.0 = Development_Editor|x64
		{CC533645-80DE-4F51-BD9A-F30434E1DF5A}.Development Editor|WinRT.ActiveCfg = WinRT_Development_Editor|Win32
		{CC533645-80DE-4F51-BD9A-F30434E1DF5A}.Development Editor|WinRT_ARM.ActiveCfg = WinRT_ARM_Development_Editor|Win32
		{CC533645-80DE-4F51-BD9A-F30434E1DF5A}.Development Server|HTML5.ActiveCfg = HTML5_Development_Server|Win32
		{CC533645-80DE-4F51-BD9A-F30434E1DF5A}.Development Server|Mac.ActiveCfg = Mac_Development_Server|Win32
		{CC533645-80DE-4F51-BD9A-F30434E1DF5A}.Development Server|Mac.Build.0 = Mac_Development_Server|Win32
		{CC533645-80DE-4F51-BD9A-F30434E1DF5A}.Development Server|Win32.ActiveCfg = Development_Server|Win32
		{CC533645-80DE-4F51-BD9A-F30434E1DF5A}.Development Server|Win32.Build.0 = Development_Server|Win32
		{CC533645-80DE-4F51-BD9A-F30434E1DF5A}.Development Server|Win64.ActiveCfg = Development_Server|x64
		{CC533645-80DE-4F51-BD9A-F30434E1DF5A}.Development Server|Win64.Build.0 = Development_Server|x64
		{CC533645-80DE-4F51-BD9A-F30434E1DF5A}.Development Server|WinRT.ActiveCfg = WinRT_Development_Server|Win32
		{CC533645-80DE-4F51-BD9A-F30434E1DF5A}.Development Server|WinRT.Build.0 = WinRT_Development_Server|Win32
		{CC533645-80DE-4F51-BD9A-F30434E1DF5A}.Development Server|WinRT.Deploy.0 = WinRT_Development_Server|Win32
		{CC533645-80DE-4F51-BD9A-F30434E1DF5A}.Development Server|WinRT_ARM.ActiveCfg = WinRT_ARM_Development_Server|Win32
		{CC533645-80DE-4F51-BD9A-F30434E1DF5A}.Development|HTML5.ActiveCfg = HTML5_Development_Game|Win32
		{CC533645-80DE-4F51-BD9A-F30434E1DF5A}.Development|HTML5.Build.0 = HTML5_Development_Game|Win32
		{CC533645-80DE-4F51-BD9A-F30434E1DF5A}.Development|Mac.ActiveCfg = Mac_Development_Game|Win32
		{CC533645-80DE-4F51-BD9A-F30434E1DF5A}.Development|Mac.Build.0 = Mac_Development_Game|Win32
		{CC533645-80DE-4F51-BD9A-F30434E1DF5A}.Development|Win32.ActiveCfg = Development_Game|Win32
		{CC533645-80DE-4F51-BD9A-F30434E1DF5A}.Development|Win32.Build.0 = Development_Game|Win32
		{CC533645-80DE-4F51-BD9A-F30434E1DF5A}.Development|Win64.ActiveCfg = Development_Game|x64
		{CC533645-80DE-4F51-BD9A-F30434E1DF5A}.Development|Win64.Build.0 = Development_Game|x64
		{CC533645-80DE-4F51-BD9A-F30434E1DF5A}.Development|WinRT.ActiveCfg = WinRT_Development_Game|Win32
		{CC533645-80DE-4F51-BD9A-F30434E1DF5A}.Development|WinRT.Build.0 = WinRT_Development_Game|Win32
		{CC533645-80DE-4F51-BD9A-F30434E1DF5A}.Development|WinRT.Deploy.0 = WinRT_Development_Game|Win32
		{CC533645-80DE-4F51-BD9A-F30434E1DF5A}.Development|WinRT_ARM.ActiveCfg = WinRT_ARM_Development_Game|Win32
		{CC533645-80DE-4F51-BD9A-F30434E1DF5A}.Development|WinRT_ARM.Build.0 = WinRT_ARM_Development_Game|Win32
		{CC533645-80DE-4F51-BD9A-F30434E1DF5A}.Development|WinRT_ARM.Deploy.0 = WinRT_ARM_Development_Game|Win32
		{CC533645-80DE-4F51-BD9A-F30434E1DF5A}.Shipping Client|HTML5.ActiveCfg = HTML5_Shipping_Client|Win32
		{CC533645-80DE-4F51-BD9A-F30434E1DF5A}.Shipping Client|HTML5.Build.0 = HTML5_Shipping_Client|Win32
		{CC533645-80DE-4F51-BD9A-F30434E1DF5A}.Shipping Client|Mac.ActiveCfg = Mac_Shipping_Client|Win32
		{CC533645-80DE-4F51-BD9A-F30434E1DF5A}.Shipping Client|Mac.Build.0 = Mac_Shipping_Client|Win32
		{CC533645-80DE-4F51-BD9A-F30434E1DF5A}.Shipping Client|Win32.ActiveCfg = Shipping_Client|Win32
		{CC533645-80DE-4F51-BD9A-F30434E1DF5A}.Shipping Client|Win32.Build.0 = Shipping_Client|Win32
		{CC533645-80DE-4F51-BD9A-F30434E1DF5A}.Shipping Client|Win64.ActiveCfg = Shipping_Client|x64
		{CC533645-80DE-4F51-BD9A-F30434E1DF5A}.Shipping Client|Win64.Build.0 = Shipping_Client|x64
		{CC533645-80DE-4F51-BD9A-F30434E1DF5A}.Shipping Client|WinRT.ActiveCfg = WinRT_Shipping_Client|Win32
		{CC533645-80DE-4F51-BD9A-F30434E1DF5A}.Shipping Client|WinRT.Build.0 = WinRT_Shipping_Client|Win32
		{CC533645-80DE-4F51-BD9A-F30434E1DF5A}.Shipping Client|WinRT.Deploy.0 = WinRT_Shipping_Client|Win32
		{CC533645-80DE-4F51-BD9A-F30434E1DF5A}.Shipping Client|WinRT_ARM.ActiveCfg = WinRT_ARM_Shipping_Client|Win32
		{CC533645-80DE-4F51-BD9A-F30434E1DF5A}.Shipping Client|WinRT_ARM.Build.0 = WinRT_ARM_Shipping_Client|Win32
		{CC533645-80DE-4F51-BD9A-F30434E1DF5A}.Shipping Client|WinRT_ARM.Deploy.0 = WinRT_ARM_Shipping_Client|Win32
		{CC533645-80DE-4F51-BD9A-F30434E1DF5A}.Shipping Server|HTML5.ActiveCfg = HTML5_Shipping_Server|Win32
		{CC533645-80DE-4F51-BD9A-F30434E1DF5A}.Shipping Server|Mac.ActiveCfg = Mac_Shipping_Server|Win32
		{CC533645-80DE-4F51-BD9A-F30434E1DF5A}.Shipping Server|Mac.Build.0 = Mac_Shipping_Server|Win32
		{CC533645-80DE-4F51-BD9A-F30434E1DF5A}.Shipping Server|Win32.ActiveCfg = Shipping_Server|Win32
		{CC533645-80DE-4F51-BD9A-F30434E1DF5A}.Shipping Server|Win32.Build.0 = Shipping_Server|Win32
		{CC533645-80DE-4F51-BD9A-F30434E1DF5A}.Shipping Server|Win64.ActiveCfg = Shipping_Server|x64
		{CC533645-80DE-4F51-BD9A-F30434E1DF5A}.Shipping Server|Win64.Build.0 = Shipping_Server|x64
		{CC533645-80DE-4F51-BD9A-F30434E1DF5A}.Shipping Server|WinRT.ActiveCfg = WinRT_Shipping_Server|Win32
		{CC533645-80DE-4F51-BD9A-F30434E1DF5A}.Shipping Server|WinRT.Build.0 = WinRT_Shipping_Server|Win32
		{CC533645-80DE-4F51-BD9A-F30434E1DF5A}.Shipping Server|WinRT.Deploy.0 = WinRT_Shipping_Server|Win32
		{CC533645-80DE-4F51-BD9A-F30434E1DF5A}.Shipping Server|WinRT_ARM.ActiveCfg = WinRT_ARM_Shipping_Server|Win32
		{CC533645-80DE-4F51-BD9A-F30434E1DF5A}.Shipping|HTML5.ActiveCfg = HTML5_Shipping_Game|Win32
		{CC533645-80DE-4F51-BD9A-F30434E1DF5A}.Shipping|HTML5.Build.0 = HTML5_Shipping_Game|Win32
		{CC533645-80DE-4F51-BD9A-F30434E1DF5A}.Shipping|Mac.ActiveCfg = Mac_Shipping_Game|Win32
		{CC533645-80DE-4F51-BD9A-F30434E1DF5A}.Shipping|Mac.Build.0 = Mac_Shipping_Game|Win32
		{CC533645-80DE-4F51-BD9A-F30434E1DF5A}.Shipping|Win32.ActiveCfg = Shipping_Game|Win32
		{CC533645-80DE-4F51-BD9A-F30434E1DF5A}.Shipping|Win32.Build.0 = Shipping_Game|Win32
		{CC533645-80DE-4F51-BD9A-F30434E1DF5A}.Shipping|Win64.ActiveCfg = Shipping_Game|x64
		{CC533645-80DE-4F51-BD9A-F30434E1DF5A}.Shipping|Win64.Build.0 = Shipping_Game|x64
		{CC533645-80DE-4F51-BD9A-F30434E1DF5A}.Shipping|WinRT.ActiveCfg = WinRT_Shipping_Game|Win32
		{CC533645-80DE-4F51-BD9A-F30434E1DF5A}.Shipping|WinRT.Build.0 = WinRT_Shipping_Game|Win32
		{CC533645-80DE-4F51-BD9A-F30434E1DF5A}.Shipping|WinRT.Deploy.0 = WinRT_Shipping_Game|Win32
		{CC533645-80DE-4F51-BD9A-F30434E1DF5A}.Shipping|WinRT_ARM.ActiveCfg = WinRT_ARM_Shipping_Game|Win32
		{CC533645-80DE-4F51-BD9A-F30434E1DF5A}.Shipping|WinRT_ARM.Build.0 = WinRT_ARM_Shipping_Game|Win32
		{CC533645-80DE-4F51-BD9A-F30434E1DF5A}.Shipping|WinRT_ARM.Deploy.0 = WinRT_ARM_Shipping_Game|Win32
		{CC533645-80DE-4F51-BD9A-F30434E1DF5A}.Test Client|HTML5.ActiveCfg = HTML5_Test_Client|Win32
		{CC533645-80DE-4F51-BD9A-F30434E1DF5A}.Test Client|HTML5.Build.0 = HTML5_Test_Client|Win32
		{CC533645-80DE-4F51-BD9A-F30434E1DF5A}.Test Client|Mac.ActiveCfg = Mac_Test_Client|Win32
		{CC533645-80DE-4F51-BD9A-F30434E1DF5A}.Test Client|Mac.Build.0 = Mac_Test_Client|Win32
		{CC533645-80DE-4F51-BD9A-F30434E1DF5A}.Test Client|Win32.ActiveCfg = Test_Client|Win32
		{CC533645-80DE-4F51-BD9A-F30434E1DF5A}.Test Client|Win32.Build.0 = Test_Client|Win32
		{CC533645-80DE-4F51-BD9A-F30434E1DF5A}.Test Client|Win64.ActiveCfg = Test_Client|x64
		{CC533645-80DE-4F51-BD9A-F30434E1DF5A}.Test Client|Win64.Build.0 = Test_Client|x64
		{CC533645-80DE-4F51-BD9A-F30434E1DF5A}.Test Client|WinRT.ActiveCfg = WinRT_Test_Client|Win32
		{CC533645-80DE-4F51-BD9A-F30434E1DF5A}.Test Client|WinRT.Build.0 = WinRT_Test_Client|Win32
		{CC533645-80DE-4F51-BD9A-F30434E1DF5A}.Test Client|WinRT.Deploy.0 = WinRT_Test_Client|Win32
		{CC533645-80DE-4F51-BD9A-F30434E1DF5A}.Test Client|WinRT_ARM.ActiveCfg = WinRT_ARM_Test_Client|Win32
		{CC533645-80DE-4F51-BD9A-F30434E1DF5A}.Test Client|WinRT_ARM.Build.0 = WinRT_ARM_Test_Client|Win32
		{CC533645-80DE-4F51-BD9A-F30434E1DF5A}.Test Client|WinRT_ARM.Deploy.0 = WinRT_ARM_Test_Client|Win32
		{CC533645-80DE-4F51-BD9A-F30434E1DF5A}.Test Server|HTML5.ActiveCfg = HTML5_Test_Server|Win32
		{CC533645-80DE-4F51-BD9A-F30434E1DF5A}.Test Server|Mac.ActiveCfg = Mac_Test_Server|Win32
		{CC533645-80DE-4F51-BD9A-F30434E1DF5A}.Test Server|Mac.Build.0 = Mac_Test_Server|Win32
		{CC533645-80DE-4F51-BD9A-F30434E1DF5A}.Test Server|Win32.ActiveCfg = Test_Server|Win32
		{CC533645-80DE-4F51-BD9A-F30434E1DF5A}.Test Server|Win32.Build.0 = Test_Server|Win32
		{CC533645-80DE-4F51-BD9A-F30434E1DF5A}.Test Server|Win64.ActiveCfg = Test_Server|x64
		{CC533645-80DE-4F51-BD9A-F30434E1DF5A}.Test Server|Win64.Build.0 = Test_Server|x64
		{CC533645-80DE-4F51-BD9A-F30434E1DF5A}.Test Server|WinRT.ActiveCfg = WinRT_Test_Server|Win32
		{CC533645-80DE-4F51-BD9A-F30434E1DF5A}.Test Server|WinRT.Build.0 = WinRT_Test_Server|Win32
		{CC533645-80DE-4F51-BD9A-F30434E1DF5A}.Test Server|WinRT.Deploy.0 = WinRT_Test_Server|Win32
		{CC533645-80DE-4F51-BD9A-F30434E1DF5A}.Test Server|WinRT_ARM.ActiveCfg = WinRT_ARM_Test_Server|Win32
		{CC533645-80DE-4F51-BD9A-F30434E1DF5A}.Test|HTML5.ActiveCfg = HTML5_Test_Game|Win32
		{CC533645-80DE-4F51-BD9A-F30434E1DF5A}.Test|HTML5.Build.0 = HTML5_Test_Game|Win32
		{CC533645-80DE-4F51-BD9A-F30434E1DF5A}.Test|Mac.ActiveCfg = Mac_Test_Game|Win32
		{CC533645-80DE-4F51-BD9A-F30434E1DF5A}.Test|Mac.Build.0 = Mac_Test_Game|Win32
		{CC533645-80DE-4F51-BD9A-F30434E1DF5A}.Test|Win32.ActiveCfg = Test_Game|Win32
		{CC533645-80DE-4F51-BD9A-F30434E1DF5A}.Test|Win32.Build.0 = Test_Game|Win32
		{CC533645-80DE-4F51-BD9A-F30434E1DF5A}.Test|Win64.ActiveCfg = Test_Game|x64
		{CC533645-80DE-4F51-BD9A-F30434E1DF5A}.Test|Win64.Build.0 = Test_Game|x64
		{CC533645-80DE-4F51-BD9A-F30434E1DF5A}.Test|WinRT.ActiveCfg = WinRT_Test_Game|Win32
		{CC533645-80DE-4F51-BD9A-F30434E1DF5A}.Test|WinRT.Build.0 = WinRT_Test_Game|Win32
		{CC533645-80DE-4F51-BD9A-F30434E1DF5A}.Test|WinRT.Deploy.0 = WinRT_Test_Game|Win32
		{CC533645-80DE-4F51-BD9A-F30434E1DF5A}.Test|WinRT_ARM.ActiveCfg = WinRT_ARM_Test_Game|Win32
		{CC533645-80DE-4F51-BD9A-F30434E1DF5A}.Test|WinRT_ARM.Build.0 = WinRT_ARM_Test_Game|Win32
		{CC533645-80DE-4F51-BD9A-F30434E1DF5A}.Test|WinRT_ARM.Deploy.0 = WinRT_ARM_Test_Game|Win32
		{93497F55-EF4E-468A-AA8D-54E4F81E3603}.Debug Client|HTML5.ActiveCfg = Development_Game|x64
		{93497F55-EF4E-468A-AA8D-54E4F81E3603}.Debug Client|Mac.ActiveCfg = Development_Game|x64
		{93497F55-EF4E-468A-AA8D-54E4F81E3603}.Debug Client|Win32.ActiveCfg = Development_Game|x64
		{93497F55-EF4E-468A-AA8D-54E4F81E3603}.Debug Client|Win64.ActiveCfg = Development_Game|x64
		{93497F55-EF4E-468A-AA8D-54E4F81E3603}.Debug Client|WinRT.ActiveCfg = Development_Game|x64
		{93497F55-EF4E-468A-AA8D-54E4F81E3603}.Debug Client|WinRT_ARM.ActiveCfg = Development_Game|x64
		{93497F55-EF4E-468A-AA8D-54E4F81E3603}.Debug Editor|HTML5.ActiveCfg = HTML5_Debug_Editor|Win32
		{93497F55-EF4E-468A-AA8D-54E4F81E3603}.Debug Editor|Mac.ActiveCfg = Mac_Debug_Editor|Win32
		{93497F55-EF4E-468A-AA8D-54E4F81E3603}.Debug Editor|Mac.Build.0 = Mac_Debug_Editor|Win32
		{93497F55-EF4E-468A-AA8D-54E4F81E3603}.Debug Editor|Win32.ActiveCfg = Debug_Editor|Win32
		{93497F55-EF4E-468A-AA8D-54E4F81E3603}.Debug Editor|Win64.ActiveCfg = Debug_Editor|x64
		{93497F55-EF4E-468A-AA8D-54E4F81E3603}.Debug Editor|Win64.Build.0 = Debug_Editor|x64
		{93497F55-EF4E-468A-AA8D-54E4F81E3603}.Debug Editor|WinRT.ActiveCfg = WinRT_Debug_Editor|Win32
		{93497F55-EF4E-468A-AA8D-54E4F81E3603}.Debug Editor|WinRT_ARM.ActiveCfg = WinRT_ARM_Debug_Editor|Win32
		{93497F55-EF4E-468A-AA8D-54E4F81E3603}.Debug Server|HTML5.ActiveCfg = Development_Game|x64
		{93497F55-EF4E-468A-AA8D-54E4F81E3603}.Debug Server|Mac.ActiveCfg = Development_Game|x64
		{93497F55-EF4E-468A-AA8D-54E4F81E3603}.Debug Server|Win32.ActiveCfg = Development_Game|x64
		{93497F55-EF4E-468A-AA8D-54E4F81E3603}.Debug Server|Win64.ActiveCfg = Development_Game|x64
		{93497F55-EF4E-468A-AA8D-54E4F81E3603}.Debug Server|WinRT.ActiveCfg = Development_Game|x64
		{93497F55-EF4E-468A-AA8D-54E4F81E3603}.Debug Server|WinRT_ARM.ActiveCfg = Development_Game|x64
		{93497F55-EF4E-468A-AA8D-54E4F81E3603}.Debug|HTML5.ActiveCfg = HTML5_Debug_Game|Win32
		{93497F55-EF4E-468A-AA8D-54E4F81E3603}.Debug|HTML5.Build.0 = HTML5_Debug_Game|Win32
		{93497F55-EF4E-468A-AA8D-54E4F81E3603}.Debug|Mac.ActiveCfg = Mac_Debug_Game|Win32
		{93497F55-EF4E-468A-AA8D-54E4F81E3603}.Debug|Mac.Build.0 = Mac_Debug_Game|Win32
		{93497F55-EF4E-468A-AA8D-54E4F81E3603}.Debug|Win32.ActiveCfg = Debug_Game|Win32
		{93497F55-EF4E-468A-AA8D-54E4F81E3603}.Debug|Win32.Build.0 = Debug_Game|Win32
		{93497F55-EF4E-468A-AA8D-54E4F81E3603}.Debug|Win64.ActiveCfg = Debug_Game|x64
		{93497F55-EF4E-468A-AA8D-54E4F81E3603}.Debug|Win64.Build.0 = Debug_Game|x64
		{93497F55-EF4E-468A-AA8D-54E4F81E3603}.Debug|WinRT.ActiveCfg = WinRT_Debug_Game|Win32
		{93497F55-EF4E-468A-AA8D-54E4F81E3603}.Debug|WinRT.Build.0 = WinRT_Debug_Game|Win32
		{93497F55-EF4E-468A-AA8D-54E4F81E3603}.Debug|WinRT.Deploy.0 = WinRT_Debug_Game|Win32
		{93497F55-EF4E-468A-AA8D-54E4F81E3603}.Debug|WinRT_ARM.ActiveCfg = WinRT_ARM_Debug_Game|Win32
		{93497F55-EF4E-468A-AA8D-54E4F81E3603}.Debug|WinRT_ARM.Build.0 = WinRT_ARM_Debug_Game|Win32
		{93497F55-EF4E-468A-AA8D-54E4F81E3603}.Debug|WinRT_ARM.Deploy.0 = WinRT_ARM_Debug_Game|Win32
		{93497F55-EF4E-468A-AA8D-54E4F81E3603}.DebugGame Client|HTML5.ActiveCfg = Development_Game|x64
		{93497F55-EF4E-468A-AA8D-54E4F81E3603}.DebugGame Client|Mac.ActiveCfg = Development_Game|x64
		{93497F55-EF4E-468A-AA8D-54E4F81E3603}.DebugGame Client|Win32.ActiveCfg = Development_Game|x64
		{93497F55-EF4E-468A-AA8D-54E4F81E3603}.DebugGame Client|Win64.ActiveCfg = Development_Game|x64
		{93497F55-EF4E-468A-AA8D-54E4F81E3603}.DebugGame Client|WinRT.ActiveCfg = Development_Game|x64
		{93497F55-EF4E-468A-AA8D-54E4F81E3603}.DebugGame Client|WinRT_ARM.ActiveCfg = Development_Game|x64
		{93497F55-EF4E-468A-AA8D-54E4F81E3603}.DebugGame Editor|HTML5.ActiveCfg = HTML5_DebugGame_Editor|Win32
		{93497F55-EF4E-468A-AA8D-54E4F81E3603}.DebugGame Editor|Mac.ActiveCfg = Mac_DebugGame_Editor|Win32
		{93497F55-EF4E-468A-AA8D-54E4F81E3603}.DebugGame Editor|Mac.Build.0 = Mac_DebugGame_Editor|Win32
		{93497F55-EF4E-468A-AA8D-54E4F81E3603}.DebugGame Editor|Win32.ActiveCfg = DebugGame_Editor|Win32
		{93497F55-EF4E-468A-AA8D-54E4F81E3603}.DebugGame Editor|Win64.ActiveCfg = DebugGame_Editor|x64
		{93497F55-EF4E-468A-AA8D-54E4F81E3603}.DebugGame Editor|Win64.Build.0 = DebugGame_Editor|x64
		{93497F55-EF4E-468A-AA8D-54E4F81E3603}.DebugGame Editor|WinRT.ActiveCfg = WinRT_DebugGame_Editor|Win32
		{93497F55-EF4E-468A-AA8D-54E4F81E3603}.DebugGame Editor|WinRT_ARM.ActiveCfg = WinRT_ARM_DebugGame_Editor|Win32
		{93497F55-EF4E-468A-AA8D-54E4F81E3603}.DebugGame Server|HTML5.ActiveCfg = Development_Game|x64
		{93497F55-EF4E-468A-AA8D-54E4F81E3603}.DebugGame Server|Mac.ActiveCfg = Development_Game|x64
		{93497F55-EF4E-468A-AA8D-54E4F81E3603}.DebugGame Server|Win32.ActiveCfg = Development_Game|x64
		{93497F55-EF4E-468A-AA8D-54E4F81E3603}.DebugGame Server|Win64.ActiveCfg = Development_Game|x64
		{93497F55-EF4E-468A-AA8D-54E4F81E3603}.DebugGame Server|WinRT.ActiveCfg = Development_Game|x64
		{93497F55-EF4E-468A-AA8D-54E4F81E3603}.DebugGame Server|WinRT_ARM.ActiveCfg = Development_Game|x64
		{93497F55-EF4E-468A-AA8D-54E4F81E3603}.DebugGame|HTML5.ActiveCfg = HTML5_DebugGame_Game|Win32
		{93497F55-EF4E-468A-AA8D-54E4F81E3603}.DebugGame|HTML5.Build.0 = HTML5_DebugGame_Game|Win32
		{93497F55-EF4E-468A-AA8D-54E4F81E3603}.DebugGame|Mac.ActiveCfg = Mac_DebugGame_Game|Win32
		{93497F55-EF4E-468A-AA8D-54E4F81E3603}.DebugGame|Mac.Build.0 = Mac_DebugGame_Game|Win32
		{93497F55-EF4E-468A-AA8D-54E4F81E3603}.DebugGame|Win32.ActiveCfg = DebugGame_Game|Win32
		{93497F55-EF4E-468A-AA8D-54E4F81E3603}.DebugGame|Win32.Build.0 = DebugGame_Game|Win32
		{93497F55-EF4E-468A-AA8D-54E4F81E3603}.DebugGame|Win64.ActiveCfg = DebugGame_Game|x64
		{93497F55-EF4E-468A-AA8D-54E4F81E3603}.DebugGame|Win64.Build.0 = DebugGame_Game|x64
		{93497F55-EF4E-468A-AA8D-54E4F81E3603}.DebugGame|WinRT.ActiveCfg = WinRT_DebugGame_Game|Win32
		{93497F55-EF4E-468A-AA8D-54E4F81E3603}.DebugGame|WinRT.Build.0 = WinRT_DebugGame_Game|Win32
		{93497F55-EF4E-468A-AA8D-54E4F81E3603}.DebugGame|WinRT.Deploy.0 = WinRT_DebugGame_Game|Win32
		{93497F55-EF4E-468A-AA8D-54E4F81E3603}.DebugGame|WinRT_ARM.ActiveCfg = WinRT_ARM_DebugGame_Game|Win32
		{93497F55-EF4E-468A-AA8D-54E4F81E3603}.DebugGame|WinRT_ARM.Build.0 = WinRT_ARM_DebugGame_Game|Win32
		{93497F55-EF4E-468A-AA8D-54E4F81E3603}.DebugGame|WinRT_ARM.Deploy.0 = WinRT_ARM_DebugGame_Game|Win32
		{93497F55-EF4E-468A-AA8D-54E4F81E3603}.Development Client|HTML5.ActiveCfg = Development_Game|x64
		{93497F55-EF4E-468A-AA8D-54E4F81E3603}.Development Client|Mac.ActiveCfg = Development_Game|x64
		{93497F55-EF4E-468A-AA8D-54E4F81E3603}.Development Client|Win32.ActiveCfg = Development_Game|x64
		{93497F55-EF4E-468A-AA8D-54E4F81E3603}.Development Client|Win64.ActiveCfg = Development_Game|x64
		{93497F55-EF4E-468A-AA8D-54E4F81E3603}.Development Client|WinRT.ActiveCfg = Development_Game|x64
		{93497F55-EF4E-468A-AA8D-54E4F81E3603}.Development Client|WinRT_ARM.ActiveCfg = Development_Game|x64
		{93497F55-EF4E-468A-AA8D-54E4F81E3603}.Development Editor|HTML5.ActiveCfg = HTML5_Development_Editor|Win32
		{93497F55-EF4E-468A-AA8D-54E4F81E3603}.Development Editor|Mac.ActiveCfg = Mac_Development_Editor|Win32
		{93497F55-EF4E-468A-AA8D-54E4F81E3603}.Development Editor|Mac.Build.0 = Mac_Development_Editor|Win32
		{93497F55-EF4E-468A-AA8D-54E4F81E3603}.Development Editor|Win32.ActiveCfg = Development_Editor|Win32
		{93497F55-EF4E-468A-AA8D-54E4F81E3603}.Development Editor|Win64.ActiveCfg = Development_Editor|x64
		{93497F55-EF4E-468A-AA8D-54E4F81E3603}.Development Editor|Win64.Build.0 = Development_Editor|x64
		{93497F55-EF4E-468A-AA8D-54E4F81E3603}.Development Editor|WinRT.ActiveCfg = WinRT_Development_Editor|Win32
		{93497F55-EF4E-468A-AA8D-54E4F81E3603}.Development Editor|WinRT_ARM.ActiveCfg = WinRT_ARM_Development_Editor|Win32
		{93497F55-EF4E-468A-AA8D-54E4F81E3603}.Development Server|HTML5.ActiveCfg = Development_Game|x64
		{93497F55-EF4E-468A-AA8D-54E4F81E3603}.Development Server|Mac.ActiveCfg = Development_Game|x64
		{93497F55-EF4E-468A-AA8D-54E4F81E3603}.Development Server|Win32.ActiveCfg = Development_Game|x64
		{93497F55-EF4E-468A-AA8D-54E4F81E3603}.Development Server|Win64.ActiveCfg = Development_Game|x64
		{93497F55-EF4E-468A-AA8D-54E4F81E3603}.Development Server|WinRT.ActiveCfg = Development_Game|x64
		{93497F55-EF4E-468A-AA8D-54E4F81E3603}.Development Server|WinRT_ARM.ActiveCfg = Development_Game|x64
		{93497F55-EF4E-468A-AA8D-54E4F81E3603}.Development|HTML5.ActiveCfg = HTML5_Development_Game|Win32
		{93497F55-EF4E-468A-AA8D-54E4F81E3603}.Development|HTML5.Build.0 = HTML5_Development_Game|Win32
		{93497F55-EF4E-468A-AA8D-54E4F81E3603}.Development|Mac.ActiveCfg = Mac_Development_Game|Win32
		{93497F55-EF4E-468A-AA8D-54E4F81E3603}.Development|Mac.Build.0 = Mac_Development_Game|Win32
		{93497F55-EF4E-468A-AA8D-54E4F81E3603}.Development|Win32.ActiveCfg = Development_Game|Win32
		{93497F55-EF4E-468A-AA8D-54E4F81E3603}.Development|Win32.Build.0 = Development_Game|Win32
		{93497F55-EF4E-468A-AA8D-54E4F81E3603}.Development|Win64.ActiveCfg = Development_Game|x64
		{93497F55-EF4E-468A-AA8D-54E4F81E3603}.Development|Win64.Build.0 = Development_Game|x64
		{93497F55-EF4E-468A-AA8D-54E4F81E3603}.Development|WinRT.ActiveCfg = WinRT_Development_Game|Win32
		{93497F55-EF4E-468A-AA8D-54E4F81E3603}.Development|WinRT.Build.0 = WinRT_Development_Game|Win32
		{93497F55-EF4E-468A-AA8D-54E4F81E3603}.Development|WinRT.Deploy.0 = WinRT_Development_Game|Win32
		{93497F55-EF4E-468A-AA8D-54E4F81E3603}.Development|WinRT_ARM.ActiveCfg = WinRT_ARM_Development_Game|Win32
		{93497F55-EF4E-468A-AA8D-54E4F81E3603}.Development|WinRT_ARM.Build.0 = WinRT_ARM_Development_Game|Win32
		{93497F55-EF4E-468A-AA8D-54E4F81E3603}.Development|WinRT_ARM.Deploy.0 = WinRT_ARM_Development_Game|Win32
		{93497F55-EF4E-468A-AA8D-54E4F81E3603}.Shipping Client|HTML5.ActiveCfg = Development_Game|x64
		{93497F55-EF4E-468A-AA8D-54E4F81E3603}.Shipping Client|Mac.ActiveCfg = Development_Game|x64
		{93497F55-EF4E-468A-AA8D-54E4F81E3603}.Shipping Client|Win32.ActiveCfg = Development_Game|x64
		{93497F55-EF4E-468A-AA8D-54E4F81E3603}.Shipping Client|Win64.ActiveCfg = Development_Game|x64
		{93497F55-EF4E-468A-AA8D-54E4F81E3603}.Shipping Client|WinRT.ActiveCfg = Development_Game|x64
		{93497F55-EF4E-468A-AA8D-54E4F81E3603}.Shipping Client|WinRT_ARM.ActiveCfg = Development_Game|x64
		{93497F55-EF4E-468A-AA8D-54E4F81E3603}.Shipping Server|HTML5.ActiveCfg = Development_Game|x64
		{93497F55-EF4E-468A-AA8D-54E4F81E3603}.Shipping Server|Mac.ActiveCfg = Development_Game|x64
		{93497F55-EF4E-468A-AA8D-54E4F81E3603}.Shipping Server|Win32.ActiveCfg = Development_Game|x64
		{93497F55-EF4E-468A-AA8D-54E4F81E3603}.Shipping Server|Win64.ActiveCfg = Development_Game|x64
		{93497F55-EF4E-468A-AA8D-54E4F81E3603}.Shipping Server|WinRT.ActiveCfg = Development_Game|x64
		{93497F55-EF4E-468A-AA8D-54E4F81E3603}.Shipping Server|WinRT_ARM.ActiveCfg = Development_Game|x64
		{93497F55-EF4E-468A-AA8D-54E4F81E3603}.Shipping|HTML5.ActiveCfg = HTML5_Shipping_Game|Win32
		{93497F55-EF4E-468A-AA8D-54E4F81E3603}.Shipping|HTML5.Build.0 = HTML5_Shipping_Game|Win32
		{93497F55-EF4E-468A-AA8D-54E4F81E3603}.Shipping|Mac.ActiveCfg = Mac_Shipping_Game|Win32
		{93497F55-EF4E-468A-AA8D-54E4F81E3603}.Shipping|Mac.Build.0 = Mac_Shipping_Game|Win32
		{93497F55-EF4E-468A-AA8D-54E4F81E3603}.Shipping|Win32.ActiveCfg = Shipping_Game|Win32
		{93497F55-EF4E-468A-AA8D-54E4F81E3603}.Shipping|Win32.Build.0 = Shipping_Game|Win32
		{93497F55-EF4E-468A-AA8D-54E4F81E3603}.Shipping|Win64.ActiveCfg = Shipping_Game|x64
		{93497F55-EF4E-468A-AA8D-54E4F81E3603}.Shipping|Win64.Build.0 = Shipping_Game|x64
		{93497F55-EF4E-468A-AA8D-54E4F81E3603}.Shipping|WinRT.ActiveCfg = WinRT_Shipping_Game|Win32
		{93497F55-EF4E-468A-AA8D-54E4F81E3603}.Shipping|WinRT.Build.0 = WinRT_Shipping_Game|Win32
		{93497F55-EF4E-468A-AA8D-54E4F81E3603}.Shipping|WinRT.Deploy.0 = WinRT_Shipping_Game|Win32
		{93497F55-EF4E-468A-AA8D-54E4F81E3603}.Shipping|WinRT_ARM.ActiveCfg = WinRT_ARM_Shipping_Game|Win32
		{93497F55-EF4E-468A-AA8D-54E4F81E3603}.Shipping|WinRT_ARM.Build.0 = WinRT_ARM_Shipping_Game|Win32
		{93497F55-EF4E-468A-AA8D-54E4F81E3603}.Shipping|WinRT_ARM.Deploy.0 = WinRT_ARM_Shipping_Game|Win32
		{93497F55-EF4E-468A-AA8D-54E4F81E3603}.Test Client|HTML5.ActiveCfg = Development_Game|x64
		{93497F55-EF4E-468A-AA8D-54E4F81E3603}.Test Client|Mac.ActiveCfg = Development_Game|x64
		{93497F55-EF4E-468A-AA8D-54E4F81E3603}.Test Client|Win32.ActiveCfg = Development_Game|x64
		{93497F55-EF4E-468A-AA8D-54E4F81E3603}.Test Client|Win64.ActiveCfg = Development_Game|x64
		{93497F55-EF4E-468A-AA8D-54E4F81E3603}.Test Client|WinRT.ActiveCfg = Development_Game|x64
		{93497F55-EF4E-468A-AA8D-54E4F81E3603}.Test Client|WinRT_ARM.ActiveCfg = Development_Game|x64
		{93497F55-EF4E-468A-AA8D-54E4F81E3603}.Test Server|HTML5.ActiveCfg = Development_Game|x64
		{93497F55-EF4E-468A-AA8D-54E4F81E3603}.Test Server|Mac.ActiveCfg = Development_Game|x64
		{93497F55-EF4E-468A-AA8D-54E4F81E3603}.Test Server|Win32.ActiveCfg = Development_Game|x64
		{93497F55-EF4E-468A-AA8D-54E4F81E3603}.Test Server|Win64.ActiveCfg = Development_Game|x64
		{93497F55-EF4E-468A-AA8D-54E4F81E3603}.Test Server|WinRT.ActiveCfg = Development_Game|x64
		{93497F55-EF4E-468A-AA8D-54E4F81E3603}.Test Server|WinRT_ARM.ActiveCfg = Development_Game|x64
		{93497F55-EF4E-468A-AA8D-54E4F81E3603}.Test|HTML5.ActiveCfg = HTML5_Test_Game|Win32
		{93497F55-EF4E-468A-AA8D-54E4F81E3603}.Test|HTML5.Build.0 = HTML5_Test_Game|Win32
		{93497F55-EF4E-468A-AA8D-54E4F81E3603}.Test|Mac.ActiveCfg = Mac_Test_Game|Win32
		{93497F55-EF4E-468A-AA8D-54E4F81E3603}.Test|Mac.Build.0 = Mac_Test_Game|Win32
		{93497F55-EF4E-468A-AA8D-54E4F81E3603}.Test|Win32.ActiveCfg = Test_Game|Win32
		{93497F55-EF4E-468A-AA8D-54E4F81E3603}.Test|Win32.Build.0 = Test_Game|Win32
		{93497F55-EF4E-468A-AA8D-54E4F81E3603}.Test|Win64.ActiveCfg = Test_Game|x64
		{93497F55-EF4E-468A-AA8D-54E4F81E3603}.Test|Win64.Build.0 = Test_Game|x64
		{93497F55-EF4E-468A-AA8D-54E4F81E3603}.Test|WinRT.ActiveCfg = WinRT_Test_Game|Win32
		{93497F55-EF4E-468A-AA8D-54E4F81E3603}.Test|WinRT.Build.0 = WinRT_Test_Game|Win32
		{93497F55-EF4E-468A-AA8D-54E4F81E3603}.Test|WinRT.Deploy.0 = WinRT_Test_Game|Win32
		{93497F55-EF4E-468A-AA8D-54E4F81E3603}.Test|WinRT_ARM.ActiveCfg = WinRT_ARM_Test_Game|Win32
		{93497F55-EF4E-468A-AA8D-54E4F81E3603}.Test|WinRT_ARM.Build.0 = WinRT_ARM_Test_Game|Win32
		{93497F55-EF4E-468A-AA8D-54E4F81E3603}.Test|WinRT_ARM.Deploy.0 = WinRT_ARM_Test_Game|Win32
	EndGlobalSection
	GlobalSection(SolutionProperties) = preSolution
		HideSolutionNode = FALSE
	EndGlobalSection
	GlobalSection(NestedProjects) = preSolution
		{CC533645-80DE-4F51-BD9A-F30434E1DF5A} = {1CC4852A-9B3D-47BA-A1AD-703710B452E8}
		{93497F55-EF4E-468A-AA8D-54E4F81E3603} = {1CC2B821-47EA-484E-AA8B-FF73C254013C}
	EndGlobalSection
EndGlobal
